
Microsoft Visual Studio Solution File, Format Version 12.00
# Visual Studio 15
VisualStudioVersion = 15.0.28010.2003
MinimumVisualStudioVersion = 10.0.40219.1
Project("{FAE04EC0-301F-11D3-BF4B-00C04F79EFBC}") = "CutPasteAssign", "CutPasteAssign\CutPasteAssign.csproj", "{C1678DDA-4C8C-4922-8FE3-7D7C07977E25}"
EndProject
Global
	GlobalSection(SolutionConfigurationPlatforms) = preSolution
		Debug|Any CPU = Debug|Any CPU
		Release|Any CPU = Release|Any CPU
	EndGlobalSection
	GlobalSection(ProjectConfigurationPlatforms) = postSolution
		{C1678DDA-4C8C-4922-8FE3-7D7C07977E25}.Debug|Any CPU.ActiveCfg = Debug|Any CPU
		{C1678DDA-4C8C-4922-8FE3-7D7C07977E25}.Debug|Any CPU.Build.0 = Debug|Any CPU
		{C1678DDA-4C8C-4922-8FE3-7D7C07977E25}.Release|Any CPU.ActiveCfg = Release|Any CPU
		{C1678DDA-4C8C-4922-8FE3-7D7C07977E25}.Release|Any CPU.Build.0 = Release|Any CPU
	EndGlobalSection
	GlobalSection(SolutionProperties) = preSolution
		HideSolutionNode = FALSE
	EndGlobalSection
	GlobalSection(ExtensibilityGlobals) = postSolution
		SolutionGuid = {627926C8-8B4E-45F0-8753-C9E90E9EC15E}
	EndGlobalSection
EndGlobal
